
Microsoft Visual Studio Solution File, Format Version 12.00
# Visual Studio 2013
VisualStudioVersion = 12.0.30324.0
MinimumVisualStudioVersion = 10.0.40219.1
Project("{FAE04EC0-301F-11D3-BF4B-00C04F79EFBC}") = "01.OddOrEvenIntegers", "01.OddOrEvenIntegers\01.OddOrEvenIntegers.csproj", "{3917F825-598B-4E85-8A4D-B85AA3EE26C2}"
EndProject
Project("{FAE04EC0-301F-11D3-BF4B-00C04F79EFBC}") = "02.GravitationOnTheMoon", "02.GravitationOnTheMoon\02.GravitationOnTheMoon.csproj", "{9824288C-DD1A-4F03-951B-9D4558F5FD71}"
EndProject
Project("{FAE04EC0-301F-11D3-BF4B-00C04F79EFBC}") = "03.DivideBySevenAndFive", "03.DivideBySevenAndFive\03.DivideBySevenAndFive.csproj", "{CF914350-91D7-4F01-82B2-94C6C776A5D8}"
EndProject
Global
	GlobalSection(SolutionConfigurationPlatforms) = preSolution
		Debug|Any CPU = Debug|Any CPU
		Release|Any CPU = Release|Any CPU
	EndGlobalSection
	GlobalSection(ProjectConfigurationPlatforms) = postSolution
		{3917F825-598B-4E85-8A4D-B85AA3EE26C2}.Debug|Any CPU.ActiveCfg = Debug|Any CPU
		{3917F825-598B-4E85-8A4D-B85AA3EE26C2}.Debug|Any CPU.Build.0 = Debug|Any CPU
		{3917F825-598B-4E85-8A4D-B85AA3EE26C2}.Release|Any CPU.ActiveCfg = Release|Any CPU
		{3917F825-598B-4E85-8A4D-B85AA3EE26C2}.Release|Any CPU.Build.0 = Release|Any CPU
		{9824288C-DD1A-4F03-951B-9D4558F5FD71}.Debug|Any CPU.ActiveCfg = Debug|Any CPU
		{9824288C-DD1A-4F03-951B-9D4558F5FD71}.Debug|Any CPU.Build.0 = Debug|Any CPU
		{9824288C-DD1A-4F03-951B-9D4558F5FD71}.Release|Any CPU.ActiveCfg = Release|Any CPU
		{9824288C-DD1A-4F03-951B-9D4558F5FD71}.Release|Any CPU.Build.0 = Release|Any CPU
		{CF914350-91D7-4F01-82B2-94C6C776A5D8}.Debug|Any CPU.ActiveCfg = Debug|Any CPU
		{CF914350-91D7-4F01-82B2-94C6C776A5D8}.Debug|Any CPU.Build.0 = Debug|Any CPU
		{CF914350-91D7-4F01-82B2-94C6C776A5D8}.Release|Any CPU.ActiveCfg = Release|Any CPU
		{CF914350-91D7-4F01-82B2-94C6C776A5D8}.Release|Any CPU.Build.0 = Release|Any CPU
	EndGlobalSection
	GlobalSection(SolutionProperties) = preSolution
		HideSolutionNode = FALSE
	EndGlobalSection
EndGlobal
