
Microsoft Visual Studio Solution File, Format Version 12.00
# Visual Studio 2013
VisualStudioVersion = 12.0.30324.0
MinimumVisualStudioVersion = 10.0.40219.1
Project("{FAE04EC0-301F-11D3-BF4B-00C04F79EFBC}") = "01.SquareRoot", "01.SquareRoot\01.SquareRoot.csproj", "{BFAB91C8-5C52-44CD-80F1-D33AB6007059}"
EndProject
Project("{FAE04EC0-301F-11D3-BF4B-00C04F79EFBC}") = "02.EnterNumbers", "02.EnterNumbers\02.EnterNumbers.csproj", "{E2291DDE-EF8C-4525-84F8-7AA9F73B6A30}"
EndProject
Project("{FAE04EC0-301F-11D3-BF4B-00C04F79EFBC}") = "03.ReadFileContents", "03.ReadFileContents\03.ReadFileContents.csproj", "{568D4DA5-5E75-4389-8802-D9D1085F6B3D}"
EndProject
Project("{FAE04EC0-301F-11D3-BF4B-00C04F79EFBC}") = "04.DownloadFile", "04.DownloadFile\04.DownloadFile.csproj", "{BDF16ACA-0CE6-4EA0-8265-CBE24C8C89AD}"
EndProject
Global
	GlobalSection(SolutionConfigurationPlatforms) = preSolution
		Debug|Any CPU = Debug|Any CPU
		Release|Any CPU = Release|Any CPU
	EndGlobalSection
	GlobalSection(ProjectConfigurationPlatforms) = postSolution
		{BFAB91C8-5C52-44CD-80F1-D33AB6007059}.Debug|Any CPU.ActiveCfg = Debug|Any CPU
		{BFAB91C8-5C52-44CD-80F1-D33AB6007059}.Debug|Any CPU.Build.0 = Debug|Any CPU
		{BFAB91C8-5C52-44CD-80F1-D33AB6007059}.Release|Any CPU.ActiveCfg = Release|Any CPU
		{BFAB91C8-5C52-44CD-80F1-D33AB6007059}.Release|Any CPU.Build.0 = Release|Any CPU
		{E2291DDE-EF8C-4525-84F8-7AA9F73B6A30}.Debug|Any CPU.ActiveCfg = Debug|Any CPU
		{E2291DDE-EF8C-4525-84F8-7AA9F73B6A30}.Debug|Any CPU.Build.0 = Debug|Any CPU
		{E2291DDE-EF8C-4525-84F8-7AA9F73B6A30}.Release|Any CPU.ActiveCfg = Release|Any CPU
		{E2291DDE-EF8C-4525-84F8-7AA9F73B6A30}.Release|Any CPU.Build.0 = Release|Any CPU
		{568D4DA5-5E75-4389-8802-D9D1085F6B3D}.Debug|Any CPU.ActiveCfg = Debug|Any CPU
		{568D4DA5-5E75-4389-8802-D9D1085F6B3D}.Debug|Any CPU.Build.0 = Debug|Any CPU
		{568D4DA5-5E75-4389-8802-D9D1085F6B3D}.Release|Any CPU.ActiveCfg = Release|Any CPU
		{568D4DA5-5E75-4389-8802-D9D1085F6B3D}.Release|Any CPU.Build.0 = Release|Any CPU
		{BDF16ACA-0CE6-4EA0-8265-CBE24C8C89AD}.Debug|Any CPU.ActiveCfg = Debug|Any CPU
		{BDF16ACA-0CE6-4EA0-8265-CBE24C8C89AD}.Debug|Any CPU.Build.0 = Debug|Any CPU
		{BDF16ACA-0CE6-4EA0-8265-CBE24C8C89AD}.Release|Any CPU.ActiveCfg = Release|Any CPU
		{BDF16ACA-0CE6-4EA0-8265-CBE24C8C89AD}.Release|Any CPU.Build.0 = Release|Any CPU
	EndGlobalSection
	GlobalSection(SolutionProperties) = preSolution
		HideSolutionNode = FALSE
	EndGlobalSection
EndGlobal
