
Microsoft Visual Studio Solution File, Format Version 12.00
# Visual Studio 2013
VisualStudioVersion = 12.0.30324.0
MinimumVisualStudioVersion = 10.0.40219.1
Project("{FAE04EC0-301F-11D3-BF4B-00C04F79EFBC}") = "01.SumOfThreeNumbers", "01.SumOfThreeNumbers\01.SumOfThreeNumbers.csproj", "{697773D5-13FE-4951-850E-CDD050AD9526}"
EndProject
Project("{FAE04EC0-301F-11D3-BF4B-00C04F79EFBC}") = "02.PrintCompanyInformation", "02.PrintCompanyInformation\02.PrintCompanyInformation.csproj", "{70B78D04-1982-4BC5-A91B-833C89C96A8F}"
EndProject
Project("{FAE04EC0-301F-11D3-BF4B-00C04F79EFBC}") = "03.CirclePerimeterAndArea", "03.CirclePerimeterAndArea\03.CirclePerimeterAndArea.csproj", "{414E9745-EF2C-4703-BF6B-0B64F8507483}"
EndProject
Project("{FAE04EC0-301F-11D3-BF4B-00C04F79EFBC}") = "04.NumberComparer", "04.NumberComparer\04.NumberComparer.csproj", "{C2946D26-A626-4645-928A-549ED4977F03}"
EndProject
Project("{FAE04EC0-301F-11D3-BF4B-00C04F79EFBC}") = "05.FormattingNumbers", "05.FormattingNumbers\05.FormattingNumbers.csproj", "{5E348F8D-7AD9-449B-A939-7EB559188C18}"
EndProject
Project("{FAE04EC0-301F-11D3-BF4B-00C04F79EFBC}") = "06.QuadraticEquation", "06.QuadraticEquation\06.QuadraticEquation.csproj", "{779AC06D-8F5F-476B-BE7A-C4E1230F9188}"
EndProject
Project("{FAE04EC0-301F-11D3-BF4B-00C04F79EFBC}") = "07.SumOfFiveNumbers", "07.SumOfFiveNumbers\07.SumOfFiveNumbers.csproj", "{B4D7318B-EDC6-494F-A2AF-F19CFFEC615D}"
EndProject
Project("{FAE04EC0-301F-11D3-BF4B-00C04F79EFBC}") = "08.NumbersFromOneToN", "08.NumbersFromOneToN\08.NumbersFromOneToN.csproj", "{1AF10729-454F-408E-895E-CBD26C6425A0}"
EndProject
Project("{FAE04EC0-301F-11D3-BF4B-00C04F79EFBC}") = "09.SumOfNNumbers", "09.SumOfNNumbers\09.SumOfNNumbers.csproj", "{8BC70FFC-8D26-42B8-9591-0F2D40818505}"
EndProject
Project("{FAE04EC0-301F-11D3-BF4B-00C04F79EFBC}") = "10.FibonacciNumbers", "10.FibonacciNumbers\10.FibonacciNumbers.csproj", "{D37FC82C-B66C-487D-BDE3-248756137D61}"
EndProject
Project("{FAE04EC0-301F-11D3-BF4B-00C04F79EFBC}") = "11.DividableNumbersInInterval", "11.DividableNumbersInInterval\11.DividableNumbersInInterval.csproj", "{BB949E93-8202-40C8-8EC1-4B370FB9DDB7}"
EndProject
Project("{FAE04EC0-301F-11D3-BF4B-00C04F79EFBC}") = "12.FallingRocks", "12.FallingRocks\12.FallingRocks.csproj", "{2120F82B-D7E3-4DD1-BE56-386F98D97C92}"
EndProject
Global
	GlobalSection(SolutionConfigurationPlatforms) = preSolution
		Debug|Any CPU = Debug|Any CPU
		Release|Any CPU = Release|Any CPU
	EndGlobalSection
	GlobalSection(ProjectConfigurationPlatforms) = postSolution
		{697773D5-13FE-4951-850E-CDD050AD9526}.Debug|Any CPU.ActiveCfg = Debug|Any CPU
		{697773D5-13FE-4951-850E-CDD050AD9526}.Debug|Any CPU.Build.0 = Debug|Any CPU
		{697773D5-13FE-4951-850E-CDD050AD9526}.Release|Any CPU.ActiveCfg = Release|Any CPU
		{697773D5-13FE-4951-850E-CDD050AD9526}.Release|Any CPU.Build.0 = Release|Any CPU
		{70B78D04-1982-4BC5-A91B-833C89C96A8F}.Debug|Any CPU.ActiveCfg = Debug|Any CPU
		{70B78D04-1982-4BC5-A91B-833C89C96A8F}.Debug|Any CPU.Build.0 = Debug|Any CPU
		{70B78D04-1982-4BC5-A91B-833C89C96A8F}.Release|Any CPU.ActiveCfg = Release|Any CPU
		{70B78D04-1982-4BC5-A91B-833C89C96A8F}.Release|Any CPU.Build.0 = Release|Any CPU
		{414E9745-EF2C-4703-BF6B-0B64F8507483}.Debug|Any CPU.ActiveCfg = Debug|Any CPU
		{414E9745-EF2C-4703-BF6B-0B64F8507483}.Debug|Any CPU.Build.0 = Debug|Any CPU
		{414E9745-EF2C-4703-BF6B-0B64F8507483}.Release|Any CPU.ActiveCfg = Release|Any CPU
		{414E9745-EF2C-4703-BF6B-0B64F8507483}.Release|Any CPU.Build.0 = Release|Any CPU
		{C2946D26-A626-4645-928A-549ED4977F03}.Debug|Any CPU.ActiveCfg = Debug|Any CPU
		{C2946D26-A626-4645-928A-549ED4977F03}.Debug|Any CPU.Build.0 = Debug|Any CPU
		{C2946D26-A626-4645-928A-549ED4977F03}.Release|Any CPU.ActiveCfg = Release|Any CPU
		{C2946D26-A626-4645-928A-549ED4977F03}.Release|Any CPU.Build.0 = Release|Any CPU
		{5E348F8D-7AD9-449B-A939-7EB559188C18}.Debug|Any CPU.ActiveCfg = Debug|Any CPU
		{5E348F8D-7AD9-449B-A939-7EB559188C18}.Debug|Any CPU.Build.0 = Debug|Any CPU
		{5E348F8D-7AD9-449B-A939-7EB559188C18}.Release|Any CPU.ActiveCfg = Release|Any CPU
		{5E348F8D-7AD9-449B-A939-7EB559188C18}.Release|Any CPU.Build.0 = Release|Any CPU
		{779AC06D-8F5F-476B-BE7A-C4E1230F9188}.Debug|Any CPU.ActiveCfg = Debug|Any CPU
		{779AC06D-8F5F-476B-BE7A-C4E1230F9188}.Debug|Any CPU.Build.0 = Debug|Any CPU
		{779AC06D-8F5F-476B-BE7A-C4E1230F9188}.Release|Any CPU.ActiveCfg = Release|Any CPU
		{779AC06D-8F5F-476B-BE7A-C4E1230F9188}.Release|Any CPU.Build.0 = Release|Any CPU
		{B4D7318B-EDC6-494F-A2AF-F19CFFEC615D}.Debug|Any CPU.ActiveCfg = Debug|Any CPU
		{B4D7318B-EDC6-494F-A2AF-F19CFFEC615D}.Debug|Any CPU.Build.0 = Debug|Any CPU
		{B4D7318B-EDC6-494F-A2AF-F19CFFEC615D}.Release|Any CPU.ActiveCfg = Release|Any CPU
		{B4D7318B-EDC6-494F-A2AF-F19CFFEC615D}.Release|Any CPU.Build.0 = Release|Any CPU
		{1AF10729-454F-408E-895E-CBD26C6425A0}.Debug|Any CPU.ActiveCfg = Debug|Any CPU
		{1AF10729-454F-408E-895E-CBD26C6425A0}.Debug|Any CPU.Build.0 = Debug|Any CPU
		{1AF10729-454F-408E-895E-CBD26C6425A0}.Release|Any CPU.ActiveCfg = Release|Any CPU
		{1AF10729-454F-408E-895E-CBD26C6425A0}.Release|Any CPU.Build.0 = Release|Any CPU
		{8BC70FFC-8D26-42B8-9591-0F2D40818505}.Debug|Any CPU.ActiveCfg = Debug|Any CPU
		{8BC70FFC-8D26-42B8-9591-0F2D40818505}.Debug|Any CPU.Build.0 = Debug|Any CPU
		{8BC70FFC-8D26-42B8-9591-0F2D40818505}.Release|Any CPU.ActiveCfg = Release|Any CPU
		{8BC70FFC-8D26-42B8-9591-0F2D40818505}.Release|Any CPU.Build.0 = Release|Any CPU
		{D37FC82C-B66C-487D-BDE3-248756137D61}.Debug|Any CPU.ActiveCfg = Debug|Any CPU
		{D37FC82C-B66C-487D-BDE3-248756137D61}.Debug|Any CPU.Build.0 = Debug|Any CPU
		{D37FC82C-B66C-487D-BDE3-248756137D61}.Release|Any CPU.ActiveCfg = Release|Any CPU
		{D37FC82C-B66C-487D-BDE3-248756137D61}.Release|Any CPU.Build.0 = Release|Any CPU
		{BB949E93-8202-40C8-8EC1-4B370FB9DDB7}.Debug|Any CPU.ActiveCfg = Debug|Any CPU
		{BB949E93-8202-40C8-8EC1-4B370FB9DDB7}.Debug|Any CPU.Build.0 = Debug|Any CPU
		{BB949E93-8202-40C8-8EC1-4B370FB9DDB7}.Release|Any CPU.ActiveCfg = Release|Any CPU
		{BB949E93-8202-40C8-8EC1-4B370FB9DDB7}.Release|Any CPU.Build.0 = Release|Any CPU
		{2120F82B-D7E3-4DD1-BE56-386F98D97C92}.Debug|Any CPU.ActiveCfg = Debug|Any CPU
		{2120F82B-D7E3-4DD1-BE56-386F98D97C92}.Debug|Any CPU.Build.0 = Debug|Any CPU
		{2120F82B-D7E3-4DD1-BE56-386F98D97C92}.Release|Any CPU.ActiveCfg = Release|Any CPU
		{2120F82B-D7E3-4DD1-BE56-386F98D97C92}.Release|Any CPU.Build.0 = Release|Any CPU
	EndGlobalSection
	GlobalSection(SolutionProperties) = preSolution
		HideSolutionNode = FALSE
	EndGlobalSection
EndGlobal
